
Microsoft Visual Studio Solution File, Format Version 12.00
# Visual Studio Version 16
VisualStudioVersion = 16.0.30523.141
MinimumVisualStudioVersion = 10.0.40219.1
Project("{FAE04EC0-301F-11D3-BF4B-00C04F79EFBC}") = "CitySearch", "CitySearch\CitySearch.csproj", "{8B66BE45-6EB1-445D-B33B-1A58A1F5D44F}"
EndProject
Project("{FAE04EC0-301F-11D3-BF4B-00C04F79EFBC}") = "CitySearch.Test", "CitySearch.Test\CitySearch.Test.csproj", "{F22580B7-BF28-4557-B5E1-A360D2122591}"
EndProject
Global
	GlobalSection(SolutionConfigurationPlatforms) = preSolution
		Debug|Any CPU = Debug|Any CPU
		Release|Any CPU = Release|Any CPU
	EndGlobalSection
	GlobalSection(ProjectConfigurationPlatforms) = postSolution
		{8B66BE45-6EB1-445D-B33B-1A58A1F5D44F}.Debug|Any CPU.ActiveCfg = Debug|Any CPU
		{8B66BE45-6EB1-445D-B33B-1A58A1F5D44F}.Debug|Any CPU.Build.0 = Debug|Any CPU
		{8B66BE45-6EB1-445D-B33B-1A58A1F5D44F}.Release|Any CPU.ActiveCfg = Release|Any CPU
		{8B66BE45-6EB1-445D-B33B-1A58A1F5D44F}.Release|Any CPU.Build.0 = Release|Any CPU
		{F22580B7-BF28-4557-B5E1-A360D2122591}.Debug|Any CPU.ActiveCfg = Debug|Any CPU
		{F22580B7-BF28-4557-B5E1-A360D2122591}.Debug|Any CPU.Build.0 = Debug|Any CPU
		{F22580B7-BF28-4557-B5E1-A360D2122591}.Release|Any CPU.ActiveCfg = Release|Any CPU
		{F22580B7-BF28-4557-B5E1-A360D2122591}.Release|Any CPU.Build.0 = Release|Any CPU
	EndGlobalSection
	GlobalSection(SolutionProperties) = preSolution
		HideSolutionNode = FALSE
	EndGlobalSection
	GlobalSection(ExtensibilityGlobals) = postSolution
		SolutionGuid = {020510D8-A945-480A-9144-43D020ADD264}
	EndGlobalSection
EndGlobal
